
Microsoft Visual Studio Solution File, Format Version 12.00
Project("{FAE04EC0-301F-11D3-BF4B-00C04F79EFBC}") = "Baza", "Baza\Baza.csproj", "{1F1018C7-B70E-4A46-8CB7-806FF8BC60C5}"
EndProject
Project("{FAE04EC0-301F-11D3-BF4B-00C04F79EFBC}") = "Biblioteka", "Biblioteka\Biblioteka.csproj", "{AD4C189F-A66D-497A-8A8B-FA5773CB0D4B}"
EndProject
Global
	GlobalSection(SolutionConfigurationPlatforms) = preSolution
		Debug|Any CPU = Debug|Any CPU
		Release|Any CPU = Release|Any CPU
	EndGlobalSection
	GlobalSection(ProjectConfigurationPlatforms) = postSolution
		{1F1018C7-B70E-4A46-8CB7-806FF8BC60C5}.Debug|Any CPU.ActiveCfg = Debug|Any CPU
		{1F1018C7-B70E-4A46-8CB7-806FF8BC60C5}.Debug|Any CPU.Build.0 = Debug|Any CPU
		{1F1018C7-B70E-4A46-8CB7-806FF8BC60C5}.Release|Any CPU.ActiveCfg = Release|Any CPU
		{1F1018C7-B70E-4A46-8CB7-806FF8BC60C5}.Release|Any CPU.Build.0 = Release|Any CPU
		{AD4C189F-A66D-497A-8A8B-FA5773CB0D4B}.Debug|Any CPU.ActiveCfg = Debug|Any CPU
		{AD4C189F-A66D-497A-8A8B-FA5773CB0D4B}.Debug|Any CPU.Build.0 = Debug|Any CPU
		{AD4C189F-A66D-497A-8A8B-FA5773CB0D4B}.Release|Any CPU.ActiveCfg = Release|Any CPU
		{AD4C189F-A66D-497A-8A8B-FA5773CB0D4B}.Release|Any CPU.Build.0 = Release|Any CPU
	EndGlobalSection
EndGlobal
