
Microsoft Visual Studio Solution File, Format Version 12.00
Project("{FAE04EC0-301F-11D3-BF4B-00C04F79EFBC}") = "Problem1", "Problem1\Problem1.csproj", "{FF9645C9-304B-4653-A556-D10128C4E6BF}"
EndProject
Project("{FAE04EC0-301F-11D3-BF4B-00C04F79EFBC}") = "Problem2", "Problem2\Problem2.csproj", "{C61C9A30-2649-4EFD-B5C6-9777FE91108B}"
EndProject
Global
	GlobalSection(SolutionConfigurationPlatforms) = preSolution
		Debug|Any CPU = Debug|Any CPU
		Release|Any CPU = Release|Any CPU
	EndGlobalSection
	GlobalSection(ProjectConfigurationPlatforms) = postSolution
		{FF9645C9-304B-4653-A556-D10128C4E6BF}.Debug|Any CPU.ActiveCfg = Debug|Any CPU
		{FF9645C9-304B-4653-A556-D10128C4E6BF}.Debug|Any CPU.Build.0 = Debug|Any CPU
		{FF9645C9-304B-4653-A556-D10128C4E6BF}.Release|Any CPU.ActiveCfg = Release|Any CPU
		{FF9645C9-304B-4653-A556-D10128C4E6BF}.Release|Any CPU.Build.0 = Release|Any CPU
		{C61C9A30-2649-4EFD-B5C6-9777FE91108B}.Debug|Any CPU.ActiveCfg = Debug|Any CPU
		{C61C9A30-2649-4EFD-B5C6-9777FE91108B}.Debug|Any CPU.Build.0 = Debug|Any CPU
		{C61C9A30-2649-4EFD-B5C6-9777FE91108B}.Release|Any CPU.ActiveCfg = Release|Any CPU
		{C61C9A30-2649-4EFD-B5C6-9777FE91108B}.Release|Any CPU.Build.0 = Release|Any CPU
	EndGlobalSection
EndGlobal
