
Microsoft Visual Studio Solution File, Format Version 12.00
Project("{FAE04EC0-301F-11D3-BF4B-00C04F79EFBC}") = "Problem1", "Problem1\Problem1.csproj", "{BFE332C7-8B6A-48EF-A3CA-35A31CAB589D}"
EndProject
Global
	GlobalSection(SolutionConfigurationPlatforms) = preSolution
		Debug|Any CPU = Debug|Any CPU
		Release|Any CPU = Release|Any CPU
	EndGlobalSection
	GlobalSection(ProjectConfigurationPlatforms) = postSolution
		{BFE332C7-8B6A-48EF-A3CA-35A31CAB589D}.Debug|Any CPU.ActiveCfg = Debug|Any CPU
		{BFE332C7-8B6A-48EF-A3CA-35A31CAB589D}.Debug|Any CPU.Build.0 = Debug|Any CPU
		{BFE332C7-8B6A-48EF-A3CA-35A31CAB589D}.Release|Any CPU.ActiveCfg = Release|Any CPU
		{BFE332C7-8B6A-48EF-A3CA-35A31CAB589D}.Release|Any CPU.Build.0 = Release|Any CPU
	EndGlobalSection
EndGlobal
