
Microsoft Visual Studio Solution File, Format Version 12.00
Project("{FAE04EC0-301F-11D3-BF4B-00C04F79EFBC}") = "Problem1", "Problem1\Problem1.csproj", "{16ED8E9A-36C3-4DAF-A747-713DD628911D}"
EndProject
Project("{FAE04EC0-301F-11D3-BF4B-00C04F79EFBC}") = "Problem2", "Problem2\Problem2.csproj", "{ABBD4157-B5AF-4FB1-ABBD-5AE92042F123}"
EndProject
Global
	GlobalSection(SolutionConfigurationPlatforms) = preSolution
		Debug|Any CPU = Debug|Any CPU
		Release|Any CPU = Release|Any CPU
	EndGlobalSection
	GlobalSection(ProjectConfigurationPlatforms) = postSolution
		{16ED8E9A-36C3-4DAF-A747-713DD628911D}.Debug|Any CPU.ActiveCfg = Debug|Any CPU
		{16ED8E9A-36C3-4DAF-A747-713DD628911D}.Debug|Any CPU.Build.0 = Debug|Any CPU
		{16ED8E9A-36C3-4DAF-A747-713DD628911D}.Release|Any CPU.ActiveCfg = Release|Any CPU
		{16ED8E9A-36C3-4DAF-A747-713DD628911D}.Release|Any CPU.Build.0 = Release|Any CPU
		{ABBD4157-B5AF-4FB1-ABBD-5AE92042F123}.Debug|Any CPU.ActiveCfg = Debug|Any CPU
		{ABBD4157-B5AF-4FB1-ABBD-5AE92042F123}.Debug|Any CPU.Build.0 = Debug|Any CPU
		{ABBD4157-B5AF-4FB1-ABBD-5AE92042F123}.Release|Any CPU.ActiveCfg = Release|Any CPU
		{ABBD4157-B5AF-4FB1-ABBD-5AE92042F123}.Release|Any CPU.Build.0 = Release|Any CPU
	EndGlobalSection
EndGlobal
